// !$*UTF8*$!
{
	archiveVersion = 1;
	classes = {
	};
	objectVersion = 50;
	objects = {

/* Begin PBXBuildFile section */
		16B150AC2121306800B6C1D6 /* AppDelegate.m in Sources */ = {isa = PBXBuildFile; fileRef = 16B150AB2121306800B6C1D6 /* AppDelegate.m */; };
		16B150AF2121306800B6C1D6 /* ViewController.m in Sources */ = {isa = PBXBuildFile; fileRef = 16B150AE2121306800B6C1D6 /* ViewController.m */; };
		16B150B22121306800B6C1D6 /* Main.storyboard in Resources */ = {isa = PBXBuildFile; fileRef = 16B150B02121306800B6C1D6 /* Main.storyboard */; };
		16B150B42121306900B6C1D6 /* Assets.xcassets in Resources */ = {isa = PBXBuildFile; fileRef = 16B150B32121306900B6C1D6 /* Assets.xcassets */; };
		16B150B72121306900B6C1D6 /* LaunchScreen.storyboard in Resources */ = {isa = PBXBuildFile; fileRef = 16B150B52121306900B6C1D6 /* LaunchScreen.storyboard */; };
		16B150BA2121306900B6C1D6 /* main.m in Sources */ = {isa = PBXBuildFile; fileRef = 16B150B92121306900B6C1D6 /* main.m */; };
		16B150C32121310000B6C1D6 /* XBLocalImageLoaderOperation.m in Sources */ = {isa = PBXBuildFile; fileRef = 16B150C22121310000B6C1D6 /* XBLocalImageLoaderOperation.m */; };
		16B150C62121788100B6C1D6 /* XBLocalImageLoader.m in Sources */ = {isa = PBXBuildFile; fileRef = 16B150C52121788100B6C1D6 /* XBLocalImageLoader.m */; };
		16B150C921217D3700B6C1D6 /* XBLocalImageCache.m in Sources */ = {isa = PBXBuildFile; fileRef = 16B150C821217D3700B6C1D6 /* XBLocalImageCache.m */; };
		16B150CC21217E5700B6C1D6 /* XBLocalImageDecoder.m in Sources */ = {isa = PBXBuildFile; fileRef = 16B150CB21217E5700B6C1D6 /* XBLocalImageDecoder.m */; };
		16B150CF21217EF600B6C1D6 /* XBLocalImageManager.m in Sources */ = {isa = PBXBuildFile; fileRef = 16B150CE21217EF600B6C1D6 /* XBLocalImageManager.m */; };
		16B150D32121879900B6C1D6 /* UIView+XBLocalImage.m in Sources */ = {isa = PBXBuildFile; fileRef = 16B150D22121879900B6C1D6 /* UIView+XBLocalImage.m */; };
		16B150D621218BEC00B6C1D6 /* UIImageView+XBLocalImage.m in Sources */ = {isa = PBXBuildFile; fileRef = 16B150D521218BEC00B6C1D6 /* UIImageView+XBLocalImage.m */; };
		16B150D921218D5700B6C1D6 /* CALayer+XBLocalImage.m in Sources */ = {isa = PBXBuildFile; fileRef = 16B150D821218D5700B6C1D6 /* CALayer+XBLocalImage.m */; };
/* End PBXBuildFile section */

/* Begin PBXFileReference section */
		16B150A72121306800B6C1D6 /* XBLocalImage.app */ = {isa = PBXFileReference; explicitFileType = wrapper.application; includeInIndex = 0; path = XBLocalImage.app; sourceTree = BUILT_PRODUCTS_DIR; };
		16B150AA2121306800B6C1D6 /* AppDelegate.h */ = {isa = PBXFileReference; lastKnownFileType = sourcecode.c.h; path = AppDelegate.h; sourceTree = "<group>"; };
		16B150AB2121306800B6C1D6 /* AppDelegate.m */ = {isa = PBXFileReference; lastKnownFileType = sourcecode.c.objc; path = AppDelegate.m; sourceTree = "<group>"; };
		16B150AD2121306800B6C1D6 /* ViewController.h */ = {isa = PBXFileReference; lastKnownFileType = sourcecode.c.h; path = ViewController.h; sourceTree = "<group>"; };
		16B150AE2121306800B6C1D6 /* ViewController.m */ = {isa = PBXFileReference; lastKnownFileType = sourcecode.c.objc; path = ViewController.m; sourceTree = "<group>"; };
		16B150B12121306800B6C1D6 /* Base */ = {isa = PBXFileReference; lastKnownFileType = file.storyboard; name = Base; path = Base.lproj/Main.storyboard; sourceTree = "<group>"; };
		16B150B32121306900B6C1D6 /* Assets.xcassets */ = {isa = PBXFileReference; lastKnownFileType = folder.assetcatalog; path = Assets.xcassets; sourceTree = "<group>"; };
		16B150B62121306900B6C1D6 /* Base */ = {isa = PBXFileReference; lastKnownFileType = file.storyboard; name = Base; path = Base.lproj/LaunchScreen.storyboard; sourceTree = "<group>"; };
		16B150B82121306900B6C1D6 /* Info.plist */ = {isa = PBXFileReference; lastKnownFileType = text.plist.xml; path = Info.plist; sourceTree = "<group>"; };
		16B150B92121306900B6C1D6 /* main.m */ = {isa = PBXFileReference; lastKnownFileType = sourcecode.c.objc; path = main.m; sourceTree = "<group>"; };
		16B150C12121310000B6C1D6 /* XBLocalImageLoaderOperation.h */ = {isa = PBXFileReference; lastKnownFileType = sourcecode.c.h; path = XBLocalImageLoaderOperation.h; sourceTree = "<group>"; };
		16B150C22121310000B6C1D6 /* XBLocalImageLoaderOperation.m */ = {isa = PBXFileReference; lastKnownFileType = sourcecode.c.objc; path = XBLocalImageLoaderOperation.m; sourceTree = "<group>"; };
		16B150C42121788100B6C1D6 /* XBLocalImageLoader.h */ = {isa = PBXFileReference; lastKnownFileType = sourcecode.c.h; path = XBLocalImageLoader.h; sourceTree = "<group>"; };
		16B150C52121788100B6C1D6 /* XBLocalImageLoader.m */ = {isa = PBXFileReference; lastKnownFileType = sourcecode.c.objc; path = XBLocalImageLoader.m; sourceTree = "<group>"; };
		16B150C721217D3700B6C1D6 /* XBLocalImageCache.h */ = {isa = PBXFileReference; lastKnownFileType = sourcecode.c.h; path = XBLocalImageCache.h; sourceTree = "<group>"; };
		16B150C821217D3700B6C1D6 /* XBLocalImageCache.m */ = {isa = PBXFileReference; lastKnownFileType = sourcecode.c.objc; path = XBLocalImageCache.m; sourceTree = "<group>"; };
		16B150CA21217E5700B6C1D6 /* XBLocalImageDecoder.h */ = {isa = PBXFileReference; lastKnownFileType = sourcecode.c.h; path = XBLocalImageDecoder.h; sourceTree = "<group>"; };
		16B150CB21217E5700B6C1D6 /* XBLocalImageDecoder.m */ = {isa = PBXFileReference; lastKnownFileType = sourcecode.c.objc; path = XBLocalImageDecoder.m; sourceTree = "<group>"; };
		16B150CD21217EF600B6C1D6 /* XBLocalImageManager.h */ = {isa = PBXFileReference; lastKnownFileType = sourcecode.c.h; path = XBLocalImageManager.h; sourceTree = "<group>"; };
		16B150CE21217EF600B6C1D6 /* XBLocalImageManager.m */ = {isa = PBXFileReference; lastKnownFileType = sourcecode.c.objc; path = XBLocalImageManager.m; sourceTree = "<group>"; };
		16B150D12121879900B6C1D6 /* UIView+XBLocalImage.h */ = {isa = PBXFileReference; lastKnownFileType = sourcecode.c.h; path = "UIView+XBLocalImage.h"; sourceTree = "<group>"; };
		16B150D22121879900B6C1D6 /* UIView+XBLocalImage.m */ = {isa = PBXFileReference; lastKnownFileType = sourcecode.c.objc; path = "UIView+XBLocalImage.m"; sourceTree = "<group>"; };
		16B150D421218BEC00B6C1D6 /* UIImageView+XBLocalImage.h */ = {isa = PBXFileReference; lastKnownFileType = sourcecode.c.h; path = "UIImageView+XBLocalImage.h"; sourceTree = "<group>"; };
		16B150D521218BEC00B6C1D6 /* UIImageView+XBLocalImage.m */ = {isa = PBXFileReference; lastKnownFileType = sourcecode.c.objc; path = "UIImageView+XBLocalImage.m"; sourceTree = "<group>"; };
		16B150D721218D5700B6C1D6 /* CALayer+XBLocalImage.h */ = {isa = PBXFileReference; lastKnownFileType = sourcecode.c.h; path = "CALayer+XBLocalImage.h"; sourceTree = "<group>"; };
		16B150D821218D5700B6C1D6 /* CALayer+XBLocalImage.m */ = {isa = PBXFileReference; lastKnownFileType = sourcecode.c.objc; path = "CALayer+XBLocalImage.m"; sourceTree = "<group>"; };
		16B150DA21218EBB00B6C1D6 /* XBLocalImage.h */ = {isa = PBXFileReference; lastKnownFileType = sourcecode.c.h; path = XBLocalImage.h; sourceTree = "<group>"; };
/* End PBXFileReference section */

/* Begin PBXFrameworksBuildPhase section */
		16B150A42121306800B6C1D6 /* Frameworks */ = {
			isa = PBXFrameworksBuildPhase;
			buildActionMask = 2147483647;
			files = (
			);
			runOnlyForDeploymentPostprocessing = 0;
		};
/* End PBXFrameworksBuildPhase section */

/* Begin PBXGroup section */
		16B1509E2121306800B6C1D6 = {
			isa = PBXGroup;
			children = (
				16B150A92121306800B6C1D6 /* XBLocalImage */,
				16B150A82121306800B6C1D6 /* Products */,
			);
			sourceTree = "<group>";
		};
		16B150A82121306800B6C1D6 /* Products */ = {
			isa = PBXGroup;
			children = (
				16B150A72121306800B6C1D6 /* XBLocalImage.app */,
			);
			name = Products;
			sourceTree = "<group>";
		};
		16B150A92121306800B6C1D6 /* XBLocalImage */ = {
			isa = PBXGroup;
			children = (
				16B150C02121309500B6C1D6 /* Classes */,
				16B150AA2121306800B6C1D6 /* AppDelegate.h */,
				16B150AB2121306800B6C1D6 /* AppDelegate.m */,
				16B150AD2121306800B6C1D6 /* ViewController.h */,
				16B150AE2121306800B6C1D6 /* ViewController.m */,
				16B150B02121306800B6C1D6 /* Main.storyboard */,
				16B150B32121306900B6C1D6 /* Assets.xcassets */,
				16B150B52121306900B6C1D6 /* LaunchScreen.storyboard */,
				16B150B82121306900B6C1D6 /* Info.plist */,
				16B150B92121306900B6C1D6 /* main.m */,
			);
			path = XBLocalImage;
			sourceTree = "<group>";
		};
		16B150C02121309500B6C1D6 /* Classes */ = {
			isa = PBXGroup;
			children = (
				16B150D02121876500B6C1D6 /* Categories */,
				16B150C12121310000B6C1D6 /* XBLocalImageLoaderOperation.h */,
				16B150C22121310000B6C1D6 /* XBLocalImageLoaderOperation.m */,
				16B150C42121788100B6C1D6 /* XBLocalImageLoader.h */,
				16B150C52121788100B6C1D6 /* XBLocalImageLoader.m */,
				16B150CD21217EF600B6C1D6 /* XBLocalImageManager.h */,
				16B150CE21217EF600B6C1D6 /* XBLocalImageManager.m */,
				16B150C721217D3700B6C1D6 /* XBLocalImageCache.h */,
				16B150C821217D3700B6C1D6 /* XBLocalImageCache.m */,
				16B150CA21217E5700B6C1D6 /* XBLocalImageDecoder.h */,
				16B150CB21217E5700B6C1D6 /* XBLocalImageDecoder.m */,
				16B150DA21218EBB00B6C1D6 /* XBLocalImage.h */,
			);
			path = Classes;
			sourceTree = "<group>";
		};
		16B150D02121876500B6C1D6 /* Categories */ = {
			isa = PBXGroup;
			children = (
				16B150D12121879900B6C1D6 /* UIView+XBLocalImage.h */,
				16B150D22121879900B6C1D6 /* UIView+XBLocalImage.m */,
				16B150D421218BEC00B6C1D6 /* UIImageView+XBLocalImage.h */,
				16B150D521218BEC00B6C1D6 /* UIImageView+XBLocalImage.m */,
				16B150D721218D5700B6C1D6 /* CALayer+XBLocalImage.h */,
				16B150D821218D5700B6C1D6 /* CALayer+XBLocalImage.m */,
			);
			path = Categories;
			sourceTree = "<group>";
		};
/* End PBXGroup section */

/* Begin PBXNativeTarget section */
		16B150A62121306800B6C1D6 /* XBLocalImage */ = {
			isa = PBXNativeTarget;
			buildConfigurationList = 16B150BD2121306900B6C1D6 /* Build configuration list for PBXNativeTarget "XBLocalImage" */;
			buildPhases = (
				16B150A32121306800B6C1D6 /* Sources */,
				16B150A42121306800B6C1D6 /* Frameworks */,
				16B150A52121306800B6C1D6 /* Resources */,
			);
			buildRules = (
			);
			dependencies = (
			);
			name = XBLocalImage;
			productName = XBLocalImage;
			productReference = 16B150A72121306800B6C1D6 /* XBLocalImage.app */;
			productType = "com.apple.product-type.application";
		};
/* End PBXNativeTarget section */

/* Begin PBXProject section */
		16B1509F2121306800B6C1D6 /* Project object */ = {
			isa = PBXProject;
			attributes = {
				LastUpgradeCheck = 0940;
				ORGANIZATIONNAME = xiabob;
				TargetAttributes = {
					16B150A62121306800B6C1D6 = {
						CreatedOnToolsVersion = 9.4.1;
					};
				};
			};
			buildConfigurationList = 16B150A22121306800B6C1D6 /* Build configuration list for PBXProject "XBLocalImage" */;
			compatibilityVersion = "Xcode 9.3";
			developmentRegion = en;
			hasScannedForEncodings = 0;
			knownRegions = (
				en,
				Base,
			);
			mainGroup = 16B1509E2121306800B6C1D6;
			productRefGroup = 16B150A82121306800B6C1D6 /* Products */;
			projectDirPath = "";
			projectRoot = "";
			targets = (
				16B150A62121306800B6C1D6 /* XBLocalImage */,
			);
		};
/* End PBXProject section */

/* Begin PBXResourcesBuildPhase section */
		16B150A52121306800B6C1D6 /* Resources */ = {
			isa = PBXResourcesBuildPhase;
			buildActionMask = 2147483647;
			files = (
				16B150B72121306900B6C1D6 /* LaunchScreen.storyboard in Resources */,
				16B150B42121306900B6C1D6 /* Assets.xcassets in Resources */,
				16B150B22121306800B6C1D6 /* Main.storyboard in Resources */,
			);
			runOnlyForDeploymentPostprocessing = 0;
		};
/* End PBXResourcesBuildPhase section */

/* Begin PBXSourcesBuildPhase section */
		16B150A32121306800B6C1D6 /* Sources */ = {
			isa = PBXSourcesBuildPhase;
			buildActionMask = 2147483647;
			files = (
				16B150C921217D3700B6C1D6 /* XBLocalImageCache.m in Sources */,
				16B150C32121310000B6C1D6 /* XBLocalImageLoaderOperation.m in Sources */,
				16B150D621218BEC00B6C1D6 /* UIImageView+XBLocalImage.m in Sources */,
				16B150D921218D5700B6C1D6 /* CALayer+XBLocalImage.m in Sources */,
				16B150CC21217E5700B6C1D6 /* XBLocalImageDecoder.m in Sources */,
				16B150CF21217EF600B6C1D6 /* XBLocalImageManager.m in Sources */,
				16B150AF2121306800B6C1D6 /* ViewController.m in Sources */,
				16B150D32121879900B6C1D6 /* UIView+XBLocalImage.m in Sources */,
				16B150C62121788100B6C1D6 /* XBLocalImageLoader.m in Sources */,
				16B150BA2121306900B6C1D6 /* main.m in Sources */,
				16B150AC2121306800B6C1D6 /* AppDelegate.m in Sources */,
			);
			runOnlyForDeploymentPostprocessing = 0;
		};
/* End PBXSourcesBuildPhase section */

/* Begin PBXVariantGroup section */
		16B150B02121306800B6C1D6 /* Main.storyboard */ = {
			isa = PBXVariantGroup;
			children = (
				16B150B12121306800B6C1D6 /* Base */,
			);
			name = Main.storyboard;
			sourceTree = "<group>";
		};
		16B150B52121306900B6C1D6 /* LaunchScreen.storyboard */ = {
			isa = PBXVariantGroup;
			children = (
				16B150B62121306900B6C1D6 /* Base */,
			);
			name = LaunchScreen.storyboard;
			sourceTree = "<group>";
		};
/* End PBXVariantGroup section */

/* Begin XCBuildConfiguration section */
		16B150BB2121306900B6C1D6 /* Debug */ = {
			isa = XCBuildConfiguration;
			buildSettings = {
				ALWAYS_SEARCH_USER_PATHS = NO;
				CLANG_ANALYZER_NONNULL = YES;
				CLANG_ANALYZER_NUMBER_OBJECT_CONVERSION = YES_AGGRESSIVE;
				CLANG_CXX_LANGUAGE_STANDARD = "gnu++14";
				CLANG_CXX_LIBRARY = "libc++";
				CLANG_ENABLE_MODULES = YES;
				CLANG_ENABLE_OBJC_ARC = YES;
				CLANG_ENABLE_OBJC_WEAK = YES;
				CLANG_WARN_BLOCK_CAPTURE_AUTORELEASING = YES;
				CLANG_WARN_BOOL_CONVERSION = YES;
				CLANG_WARN_COMMA = YES;
				CLANG_WARN_CONSTANT_CONVERSION = YES;
				CLANG_WARN_DEPRECATED_OBJC_IMPLEMENTATIONS = YES;
				CLANG_WARN_DIRECT_OBJC_ISA_USAGE = YES_ERROR;
				CLANG_WARN_DOCUMENTATION_COMMENTS = YES;
				CLANG_WARN_EMPTY_BODY = YES;
				CLANG_WARN_ENUM_CONVERSION = YES;
				CLANG_WARN_INFINITE_RECURSION = YES;
				CLANG_WARN_INT_CONVERSION = YES;
				CLANG_WARN_NON_LITERAL_NULL_CONVERSION = YES;
				CLANG_WARN_OBJC_IMPLICIT_RETAIN_SELF = YES;
				CLANG_WARN_OBJC_LITERAL_CONVERSION = YES;
				CLANG_WARN_OBJC_ROOT_CLASS = YES_ERROR;
				CLANG_WARN_RANGE_LOOP_ANALYSIS = YES;
				CLANG_WARN_STRICT_PROTOTYPES = YES;
				CLANG_WARN_SUSPICIOUS_MOVE = YES;
				CLANG_WARN_UNGUARDED_AVAILABILITY = YES_AGGRESSIVE;
				CLANG_WARN_UNREACHABLE_CODE = YES;
				CLANG_WARN__DUPLICATE_METHOD_MATCH = YES;
				CODE_SIGN_IDENTITY = "iPhone Developer";
				COPY_PHASE_STRIP = NO;
				DEBUG_INFORMATION_FORMAT = dwarf;
				ENABLE_STRICT_OBJC_MSGSEND = YES;
				ENABLE_TESTABILITY = YES;
				GCC_C_LANGUAGE_STANDARD = gnu11;
				GCC_DYNAMIC_NO_PIC = NO;
				GCC_NO_COMMON_BLOCKS = YES;
				GCC_OPTIMIZATION_LEVEL = 0;
				GCC_PREPROCESSOR_DEFINITIONS = (
					"DEBUG=1",
					"$(inherited)",
				);
				GCC_WARN_64_TO_32_BIT_CONVERSION = YES;
				GCC_WARN_ABOUT_RETURN_TYPE = YES_ERROR;
				GCC_WARN_UNDECLARED_SELECTOR = YES;
				GCC_WARN_UNINITIALIZED_AUTOS = YES_AGGRESSIVE;
				GCC_WARN_UNUSED_FUNCTION = YES;
				GCC_WARN_UNUSED_VARIABLE = YES;
				IPHONEOS_DEPLOYMENT_TARGET = 11.4;
				MTL_ENABLE_DEBUG_INFO = YES;
				ONLY_ACTIVE_ARCH = YES;
				SDKROOT = iphoneos;
			};
			name = Debug;
		};
		16B150BC2121306900B6C1D6 /* Release */ = {
			isa = XCBuildConfiguration;
			buildSettings = {
				ALWAYS_SEARCH_USER_PATHS = NO;
				CLANG_ANALYZER_NONNULL = YES;
				CLANG_ANALYZER_NUMBER_OBJECT_CONVERSION = YES_AGGRESSIVE;
				CLANG_CXX_LANGUAGE_STANDARD = "gnu++14";
				CLANG_CXX_LIBRARY = "libc++";
				CLANG_ENABLE_MODULES = YES;
				CLANG_ENABLE_OBJC_ARC = YES;
				CLANG_ENABLE_OBJC_WEAK = YES;
				CLANG_WARN_BLOCK_CAPTURE_AUTORELEASING = YES;
				CLANG_WARN_BOOL_CONVERSION = YES;
				CLANG_WARN_COMMA = YES;
				CLANG_WARN_CONSTANT_CONVERSION = YES;
				CLANG_WARN_DEPRECATED_OBJC_IMPLEMENTATIONS = YES;
				CLANG_WARN_DIRECT_OBJC_ISA_USAGE = YES_ERROR;
				CLANG_WARN_DOCUMENTATION_COMMENTS = YES;
				CLANG_WARN_EMPTY_BODY = YES;
				CLANG_WARN_ENUM_CONVERSION = YES;
				CLANG_WARN_INFINITE_RECURSION = YES;
				CLANG_WARN_INT_CONVERSION = YES;
				CLANG_WARN_NON_LITERAL_NULL_CONVERSION = YES;
				CLANG_WARN_OBJC_IMPLICIT_RETAIN_SELF = YES;
				CLANG_WARN_OBJC_LITERAL_CONVERSION = YES;
				CLANG_WARN_OBJC_ROOT_CLASS = YES_ERROR;
				CLANG_WARN_RANGE_LOOP_ANALYSIS = YES;
				CLANG_WARN_STRICT_PROTOTYPES = YES;
				CLANG_WARN_SUSPICIOUS_MOVE = YES;
				CLANG_WARN_UNGUARDED_AVAILABILITY = YES_AGGRESSIVE;
				CLANG_WARN_UNREACHABLE_CODE = YES;
				CLANG_WARN__DUPLICATE_METHOD_MATCH = YES;
				CODE_SIGN_IDENTITY = "iPhone Developer";
				COPY_PHASE_STRIP = NO;
				DEBUG_INFORMATION_FORMAT = "dwarf-with-dsym";
				ENABLE_NS_ASSERTIONS = NO;
				ENABLE_STRICT_OBJC_MSGSEND = YES;
				GCC_C_LANGUAGE_STANDARD = gnu11;
				GCC_NO_COMMON_BLOCKS = YES;
				GCC_WARN_64_TO_32_BIT_CONVERSION = YES;
				GCC_WARN_ABOUT_RETURN_TYPE = YES_ERROR;
				GCC_WARN_UNDECLARED_SELECTOR = YES;
				GCC_WARN_UNINITIALIZED_AUTOS = YES_AGGRESSIVE;
				GCC_WARN_UNUSED_FUNCTION = YES;
				GCC_WARN_UNUSED_VARIABLE = YES;
				IPHONEOS_DEPLOYMENT_TARGET = 11.4;
				MTL_ENABLE_DEBUG_INFO = NO;
				SDKROOT = iphoneos;
				VALIDATE_PRODUCT = YES;
			};
			name = Release;
		};
		16B150BE2121306900B6C1D6 /* Debug */ = {
			isa = XCBuildConfiguration;
			buildSettings = {
				ASSETCATALOG_COMPILER_APPICON_NAME = AppIcon;
				CODE_SIGN_STYLE = Automatic;
				DEVELOPMENT_TEAM = WPR8JVVW9L;
				INFOPLIST_FILE = XBLocalImage/Info.plist;
				LD_RUNPATH_SEARCH_PATHS = (
					"$(inherited)",
					"@executable_path/Frameworks",
				);
				PRODUCT_BUNDLE_IDENTIFIER = xiabob.com.XBLocalImage;
				PRODUCT_NAME = "$(TARGET_NAME)";
				TARGETED_DEVICE_FAMILY = "1,2";
			};
			name = Debug;
		};
		16B150BF2121306900B6C1D6 /* Release */ = {
			isa = XCBuildConfiguration;
			buildSettings = {
				ASSETCATALOG_COMPILER_APPICON_NAME = AppIcon;
				CODE_SIGN_STYLE = Automatic;
				DEVELOPMENT_TEAM = WPR8JVVW9L;
				INFOPLIST_FILE = XBLocalImage/Info.plist;
				LD_RUNPATH_SEARCH_PATHS = (
					"$(inherited)",
					"@executable_path/Frameworks",
				);
				PRODUCT_BUNDLE_IDENTIFIER = xiabob.com.XBLocalImage;
				PRODUCT_NAME = "$(TARGET_NAME)";
				TARGETED_DEVICE_FAMILY = "1,2";
			};
			name = Release;
		};
/* End XCBuildConfiguration section */

/* Begin XCConfigurationList section */
		16B150A22121306800B6C1D6 /* Build configuration list for PBXProject "XBLocalImage" */ = {
			isa = XCConfigurationList;
			buildConfigurations = (
				16B150BB2121306900B6C1D6 /* Debug */,
				16B150BC2121306900B6C1D6 /* Release */,
			);
			defaultConfigurationIsVisible = 0;
			defaultConfigurationName = Release;
		};
		16B150BD2121306900B6C1D6 /* Build configuration list for PBXNativeTarget "XBLocalImage" */ = {
			isa = XCConfigurationList;
			buildConfigurations = (
				16B150BE2121306900B6C1D6 /* Debug */,
				16B150BF2121306900B6C1D6 /* Release */,
			);
			defaultConfigurationIsVisible = 0;
			defaultConfigurationName = Release;
		};
/* End XCConfigurationList section */
	};
	rootObject = 16B1509F2121306800B6C1D6 /* Project object */;
}
